
Microsoft Visual Studio Solution File, Format Version 12.00
# Visual Studio Version 16
VisualStudioVersion = 16.0.808.8
MinimumVisualStudioVersion = 10.0.40219.1
Project("{FAE04EC0-301F-11D3-BF4B-00C04F79EFBC}") = "OktaClient", "OktaClient.csproj", "{08FBC967-D300-4C08-8245-4BD492B43473}"
EndProject
Global
	GlobalSection(SolutionConfigurationPlatforms) = preSolution
		Debug|Any CPU = Debug|Any CPU
		Release|Any CPU = Release|Any CPU
	EndGlobalSection
	GlobalSection(ProjectConfigurationPlatforms) = postSolution
		{08FBC967-D300-4C08-8245-4BD492B43473}.Debug|Any CPU.ActiveCfg = Debug|Any CPU
		{08FBC967-D300-4C08-8245-4BD492B43473}.Debug|Any CPU.Build.0 = Debug|Any CPU
		{08FBC967-D300-4C08-8245-4BD492B43473}.Release|Any CPU.ActiveCfg = Release|Any CPU
		{08FBC967-D300-4C08-8245-4BD492B43473}.Release|Any CPU.Build.0 = Release|Any CPU
	EndGlobalSection
	GlobalSection(SolutionProperties) = preSolution
		HideSolutionNode = FALSE
	EndGlobalSection
	GlobalSection(ExtensibilityGlobals) = postSolution
		SolutionGuid = {F6DF404E-066F-4406-A3DF-86F4EB8F9427}
	EndGlobalSection
EndGlobal
